
Microsoft Visual Studio Solution File, Format Version 12.00
# Visual Studio Version 16
VisualStudioVersion = 16.0.30225.117
MinimumVisualStudioVersion = 10.0.40219.1
Project("{FAE04EC0-301F-11D3-BF4B-00C04F79EFBC}") = "BinaryTree", "BinaryTree\BinaryTree.csproj", "{EB7DA5C0-2DC5-4540-8281-0A4CCA62BAE6}"
EndProject
Global
	GlobalSection(SolutionConfigurationPlatforms) = preSolution
		Debug|Any CPU = Debug|Any CPU
		Release|Any CPU = Release|Any CPU
	EndGlobalSection
	GlobalSection(ProjectConfigurationPlatforms) = postSolution
		{EB7DA5C0-2DC5-4540-8281-0A4CCA62BAE6}.Debug|Any CPU.ActiveCfg = Debug|Any CPU
		{EB7DA5C0-2DC5-4540-8281-0A4CCA62BAE6}.Debug|Any CPU.Build.0 = Debug|Any CPU
		{EB7DA5C0-2DC5-4540-8281-0A4CCA62BAE6}.Release|Any CPU.ActiveCfg = Release|Any CPU
		{EB7DA5C0-2DC5-4540-8281-0A4CCA62BAE6}.Release|Any CPU.Build.0 = Release|Any CPU
	EndGlobalSection
	GlobalSection(SolutionProperties) = preSolution
		HideSolutionNode = FALSE
	EndGlobalSection
	GlobalSection(ExtensibilityGlobals) = postSolution
		SolutionGuid = {98582901-1471-42A3-9712-B94416A8B419}
	EndGlobalSection
EndGlobal
